
Microsoft Visual Studio Solution File, Format Version 12.00
# Visual Studio Version 16
VisualStudioVersion = 16.0.34407.143
MinimumVisualStudioVersion = 10.0.40219.1
Project("{FAE04EC0-301F-11D3-BF4B-00C04F79EFBC}") = "edrawings-api", "edrawings-api\edrawings-api.csproj", "{91877842-D4A5-4BBC-905B-DCD9E135C89C}"
EndProject
Global
	GlobalSection(SolutionConfigurationPlatforms) = preSolution
		Debug|Any CPU = Debug|Any CPU
		Release|Any CPU = Release|Any CPU
	EndGlobalSection
	GlobalSection(ProjectConfigurationPlatforms) = postSolution
		{91877842-D4A5-4BBC-905B-DCD9E135C89C}.Debug|Any CPU.ActiveCfg = Debug|Any CPU
		{91877842-D4A5-4BBC-905B-DCD9E135C89C}.Debug|Any CPU.Build.0 = Debug|Any CPU
		{91877842-D4A5-4BBC-905B-DCD9E135C89C}.Release|Any CPU.ActiveCfg = Release|Any CPU
		{91877842-D4A5-4BBC-905B-DCD9E135C89C}.Release|Any CPU.Build.0 = Release|Any CPU
	EndGlobalSection
	GlobalSection(SolutionProperties) = preSolution
		HideSolutionNode = FALSE
	EndGlobalSection
	GlobalSection(ExtensibilityGlobals) = postSolution
		SolutionGuid = {A3795F0E-585C-45DE-8D58-7F60DD26C4E5}
	EndGlobalSection
EndGlobal
